// !$*UTF8*$!
{
	archiveVersion = 1;
	classes = {
	};
	objectVersion = 55;
	objects = {

/* Begin PBXBuildFile section */
		120DBDC9288DB09800D7CA97 /* LocationPreviewView.swift in Sources */ = {isa = PBXBuildFile; fileRef = 120DBDC8288DB09800D7CA97 /* LocationPreviewView.swift */; };
		121513B9288DA287000E5DE6 /* LocationListView.swift in Sources */ = {isa = PBXBuildFile; fileRef = 121513B8288DA287000E5DE6 /* LocationListView.swift */; };
		123CBE48288D696600D961B9 /* LocationViewModel.swift in Sources */ = {isa = PBXBuildFile; fileRef = 123CBE47288D696600D961B9 /* LocationViewModel.swift */; };
		123CBE4D288D699100D961B9 /* Location.swift in Sources */ = {isa = PBXBuildFile; fileRef = 123CBE4C288D699100D961B9 /* Location.swift */; };
		123CBE4F288D69AF00D961B9 /* LocationsDataService.swift in Sources */ = {isa = PBXBuildFile; fileRef = 123CBE4E288D69AF00D961B9 /* LocationsDataService.swift */; };
		123CBE52288D6A6B00D961B9 /* LocationView.swift in Sources */ = {isa = PBXBuildFile; fileRef = 123CBE51288D6A6B00D961B9 /* LocationView.swift */; };
		124E003B288D401700B504AE /* Caravan_uzApp.swift in Sources */ = {isa = PBXBuildFile; fileRef = 124E003A288D401700B504AE /* Caravan_uzApp.swift */; };
		124E003D288D401700B504AE /* ContentView.swift in Sources */ = {isa = PBXBuildFile; fileRef = 124E003C288D401700B504AE /* ContentView.swift */; };
		124E003F288D401A00B504AE /* Assets.xcassets in Resources */ = {isa = PBXBuildFile; fileRef = 124E003E288D401A00B504AE /* Assets.xcassets */; };
		124E0042288D401A00B504AE /* Preview Assets.xcassets in Resources */ = {isa = PBXBuildFile; fileRef = 124E0041288D401A00B504AE /* Preview Assets.xcassets */; };
		124E004A288D40D000B504AE /* Alamofire in Frameworks */ = {isa = PBXBuildFile; productRef = 124E0049288D40D000B504AE /* Alamofire */; };
		1266F9C0288EBAD600E36126 /* LocationAnnotationView.swift in Sources */ = {isa = PBXBuildFile; fileRef = 1266F9BF288EBAD600E36126 /* LocationAnnotationView.swift */; };
		1266F9C2288EBE7F00E36126 /* LocationDetailView.swift in Sources */ = {isa = PBXBuildFile; fileRef = 1266F9C1288EBE7F00E36126 /* LocationDetailView.swift */; };
/* End PBXBuildFile section */

/* Begin PBXFileReference section */
		120DBDC8288DB09800D7CA97 /* LocationPreviewView.swift */ = {isa = PBXFileReference; lastKnownFileType = sourcecode.swift; path = LocationPreviewView.swift; sourceTree = "<group>"; };
		121513B8288DA287000E5DE6 /* LocationListView.swift */ = {isa = PBXFileReference; lastKnownFileType = sourcecode.swift; path = LocationListView.swift; sourceTree = "<group>"; };
		123CBE47288D696600D961B9 /* LocationViewModel.swift */ = {isa = PBXFileReference; lastKnownFileType = sourcecode.swift; path = LocationViewModel.swift; sourceTree = "<group>"; };
		123CBE4C288D699100D961B9 /* Location.swift */ = {isa = PBXFileReference; lastKnownFileType = sourcecode.swift; path = Location.swift; sourceTree = "<group>"; };
		123CBE4E288D69AF00D961B9 /* LocationsDataService.swift */ = {isa = PBXFileReference; fileEncoding = 4; lastKnownFileType = sourcecode.swift; path = LocationsDataService.swift; sourceTree = "<group>"; };
		123CBE51288D6A6B00D961B9 /* LocationView.swift */ = {isa = PBXFileReference; lastKnownFileType = sourcecode.swift; path = LocationView.swift; sourceTree = "<group>"; };
		124E0037288D401700B504AE /* Caravan.uz.app */ = {isa = PBXFileReference; explicitFileType = wrapper.application; includeInIndex = 0; path = Caravan.uz.app; sourceTree = BUILT_PRODUCTS_DIR; };
		124E003A288D401700B504AE /* Caravan_uzApp.swift */ = {isa = PBXFileReference; lastKnownFileType = sourcecode.swift; path = Caravan_uzApp.swift; sourceTree = "<group>"; };
		124E003C288D401700B504AE /* ContentView.swift */ = {isa = PBXFileReference; lastKnownFileType = sourcecode.swift; path = ContentView.swift; sourceTree = "<group>"; };
		124E003E288D401A00B504AE /* Assets.xcassets */ = {isa = PBXFileReference; lastKnownFileType = folder.assetcatalog; path = Assets.xcassets; sourceTree = "<group>"; };
		124E0041288D401A00B504AE /* Preview Assets.xcassets */ = {isa = PBXFileReference; lastKnownFileType = folder.assetcatalog; path = "Preview Assets.xcassets"; sourceTree = "<group>"; };
		1263305C288EF17900F9514D /* Caravan-uz-Info.plist */ = {isa = PBXFileReference; lastKnownFileType = text.plist; path = "Caravan-uz-Info.plist"; sourceTree = SOURCE_ROOT; };
		1266F9BF288EBAD600E36126 /* LocationAnnotationView.swift */ = {isa = PBXFileReference; lastKnownFileType = sourcecode.swift; path = LocationAnnotationView.swift; sourceTree = "<group>"; };
		1266F9C1288EBE7F00E36126 /* LocationDetailView.swift */ = {isa = PBXFileReference; lastKnownFileType = sourcecode.swift; path = LocationDetailView.swift; sourceTree = "<group>"; };
/* End PBXFileReference section */

/* Begin PBXFrameworksBuildPhase section */
		124E0034288D401700B504AE /* Frameworks */ = {
			isa = PBXFrameworksBuildPhase;
			buildActionMask = 2147483647;
			files = (
				124E004A288D40D000B504AE /* Alamofire in Frameworks */,
			);
			runOnlyForDeploymentPostprocessing = 0;
		};
/* End PBXFrameworksBuildPhase section */

/* Begin PBXGroup section */
		123CBE49288D696A00D961B9 /* ViewModel */ = {
			isa = PBXGroup;
			children = (
				123CBE47288D696600D961B9 /* LocationViewModel.swift */,
			);
			path = ViewModel;
			sourceTree = "<group>";
		};
		123CBE4A288D697200D961B9 /* Model */ = {
			isa = PBXGroup;
			children = (
				123CBE4C288D699100D961B9 /* Location.swift */,
			);
			path = Model;
			sourceTree = "<group>";
		};
		123CBE4B288D697800D961B9 /* View */ = {
			isa = PBXGroup;
			children = (
				124E003C288D401700B504AE /* ContentView.swift */,
				123CBE51288D6A6B00D961B9 /* LocationView.swift */,
				121513B8288DA287000E5DE6 /* LocationListView.swift */,
				120DBDC8288DB09800D7CA97 /* LocationPreviewView.swift */,
				1266F9BF288EBAD600E36126 /* LocationAnnotationView.swift */,
				1266F9C1288EBE7F00E36126 /* LocationDetailView.swift */,
			);
			path = View;
			sourceTree = "<group>";
		};
		123CBE50288D69B600D961B9 /* DataService */ = {
			isa = PBXGroup;
			children = (
				123CBE4E288D69AF00D961B9 /* LocationsDataService.swift */,
			);
			path = DataService;
			sourceTree = "<group>";
		};
		124E002E288D401700B504AE = {
			isa = PBXGroup;
			children = (
				124E0039288D401700B504AE /* Caravan.uz */,
				124E0038288D401700B504AE /* Products */,
			);
			sourceTree = "<group>";
		};
		124E0038288D401700B504AE /* Products */ = {
			isa = PBXGroup;
			children = (
				124E0037288D401700B504AE /* Caravan.uz.app */,
			);
			name = Products;
			sourceTree = "<group>";
		};
		124E0039288D401700B504AE /* Caravan.uz */ = {
			isa = PBXGroup;
			children = (
				1263305C288EF17900F9514D /* Caravan-uz-Info.plist */,
				124E003A288D401700B504AE /* Caravan_uzApp.swift */,
				123CBE4A288D697200D961B9 /* Model */,
				123CBE4B288D697800D961B9 /* View */,
				123CBE49288D696A00D961B9 /* ViewModel */,
				123CBE50288D69B600D961B9 /* DataService */,
				124E003E288D401A00B504AE /* Assets.xcassets */,
				124E0040288D401A00B504AE /* Preview Content */,
			);
			path = Caravan.uz;
			sourceTree = "<group>";
		};
		124E0040288D401A00B504AE /* Preview Content */ = {
			isa = PBXGroup;
			children = (
				124E0041288D401A00B504AE /* Preview Assets.xcassets */,
			);
			path = "Preview Content";
			sourceTree = "<group>";
		};
/* End PBXGroup section */

/* Begin PBXNativeTarget section */
		124E0036288D401700B504AE /* Caravan.uz */ = {
			isa = PBXNativeTarget;
			buildConfigurationList = 124E0045288D401A00B504AE /* Build configuration list for PBXNativeTarget "Caravan.uz" */;
			buildPhases = (
				124E0033288D401700B504AE /* Sources */,
				124E0034288D401700B504AE /* Frameworks */,
				124E0035288D401700B504AE /* Resources */,
			);
			buildRules = (
			);
			dependencies = (
			);
			name = Caravan.uz;
			packageProductDependencies = (
				124E0049288D40D000B504AE /* Alamofire */,
			);
			productName = Caravan.uz;
			productReference = 124E0037288D401700B504AE /* Caravan.uz.app */;
			productType = "com.apple.product-type.application";
		};
/* End PBXNativeTarget section */

/* Begin PBXProject section */
		124E002F288D401700B504AE /* Project object */ = {
			isa = PBXProject;
			attributes = {
				BuildIndependentTargetsInParallel = 1;
				LastSwiftUpdateCheck = 1310;
				LastUpgradeCheck = 1310;
				TargetAttributes = {
					124E0036288D401700B504AE = {
						CreatedOnToolsVersion = 13.1;
					};
				};
			};
			buildConfigurationList = 124E0032288D401700B504AE /* Build configuration list for PBXProject "Caravan.uz" */;
			compatibilityVersion = "Xcode 13.0";
			developmentRegion = en;
			hasScannedForEncodings = 0;
			knownRegions = (
				en,
				Base,
			);
			mainGroup = 124E002E288D401700B504AE;
			packageReferences = (
				124E0048288D40D000B504AE /* XCRemoteSwiftPackageReference "Alamofire" */,
			);
			productRefGroup = 124E0038288D401700B504AE /* Products */;
			projectDirPath = "";
			projectRoot = "";
			targets = (
				124E0036288D401700B504AE /* Caravan.uz */,
			);
		};
/* End PBXProject section */

/* Begin PBXResourcesBuildPhase section */
		124E0035288D401700B504AE /* Resources */ = {
			isa = PBXResourcesBuildPhase;
			buildActionMask = 2147483647;
			files = (
				124E0042288D401A00B504AE /* Preview Assets.xcassets in Resources */,
				124E003F288D401A00B504AE /* Assets.xcassets in Resources */,
			);
			runOnlyForDeploymentPostprocessing = 0;
		};
/* End PBXResourcesBuildPhase section */

/* Begin PBXSourcesBuildPhase section */
		124E0033288D401700B504AE /* Sources */ = {
			isa = PBXSourcesBuildPhase;
			buildActionMask = 2147483647;
			files = (
				124E003D288D401700B504AE /* ContentView.swift in Sources */,
				123CBE52288D6A6B00D961B9 /* LocationView.swift in Sources */,
				120DBDC9288DB09800D7CA97 /* LocationPreviewView.swift in Sources */,
				123CBE48288D696600D961B9 /* LocationViewModel.swift in Sources */,
				124E003B288D401700B504AE /* Caravan_uzApp.swift in Sources */,
				123CBE4D288D699100D961B9 /* Location.swift in Sources */,
				121513B9288DA287000E5DE6 /* LocationListView.swift in Sources */,
				1266F9C0288EBAD600E36126 /* LocationAnnotationView.swift in Sources */,
				1266F9C2288EBE7F00E36126 /* LocationDetailView.swift in Sources */,
				123CBE4F288D69AF00D961B9 /* LocationsDataService.swift in Sources */,
			);
			runOnlyForDeploymentPostprocessing = 0;
		};
/* End PBXSourcesBuildPhase section */

/* Begin XCBuildConfiguration section */
		124E0043288D401A00B504AE /* Debug */ = {
			isa = XCBuildConfiguration;
			buildSettings = {
				ALWAYS_SEARCH_USER_PATHS = NO;
				CLANG_ANALYZER_NONNULL = YES;
				CLANG_ANALYZER_NUMBER_OBJECT_CONVERSION = YES_AGGRESSIVE;
				CLANG_CXX_LANGUAGE_STANDARD = "gnu++17";
				CLANG_CXX_LIBRARY = "libc++";
				CLANG_ENABLE_MODULES = YES;
				CLANG_ENABLE_OBJC_ARC = YES;
				CLANG_ENABLE_OBJC_WEAK = YES;
				CLANG_WARN_BLOCK_CAPTURE_AUTORELEASING = YES;
				CLANG_WARN_BOOL_CONVERSION = YES;
				CLANG_WARN_COMMA = YES;
				CLANG_WARN_CONSTANT_CONVERSION = YES;
				CLANG_WARN_DEPRECATED_OBJC_IMPLEMENTATIONS = YES;
				CLANG_WARN_DIRECT_OBJC_ISA_USAGE = YES_ERROR;
				CLANG_WARN_DOCUMENTATION_COMMENTS = YES;
				CLANG_WARN_EMPTY_BODY = YES;
				CLANG_WARN_ENUM_CONVERSION = YES;
				CLANG_WARN_INFINITE_RECURSION = YES;
				CLANG_WARN_INT_CONVERSION = YES;
				CLANG_WARN_NON_LITERAL_NULL_CONVERSION = YES;
				CLANG_WARN_OBJC_IMPLICIT_RETAIN_SELF = YES;
				CLANG_WARN_OBJC_LITERAL_CONVERSION = YES;
				CLANG_WARN_OBJC_ROOT_CLASS = YES_ERROR;
				CLANG_WARN_QUOTED_INCLUDE_IN_FRAMEWORK_HEADER = YES;
				CLANG_WARN_RANGE_LOOP_ANALYSIS = YES;
				CLANG_WARN_STRICT_PROTOTYPES = YES;
				CLANG_WARN_SUSPICIOUS_MOVE = YES;
				CLANG_WARN_UNGUARDED_AVAILABILITY = YES_AGGRESSIVE;
				CLANG_WARN_UNREACHABLE_CODE = YES;
				CLANG_WARN__DUPLICATE_METHOD_MATCH = YES;
				COPY_PHASE_STRIP = NO;
				DEBUG_INFORMATION_FORMAT = dwarf;
				ENABLE_STRICT_OBJC_MSGSEND = YES;
				ENABLE_TESTABILITY = YES;
				GCC_C_LANGUAGE_STANDARD = gnu11;
				GCC_DYNAMIC_NO_PIC = NO;
				GCC_NO_COMMON_BLOCKS = YES;
				GCC_OPTIMIZATION_LEVEL = 0;
				GCC_PREPROCESSOR_DEFINITIONS = (
					"DEBUG=1",
					"$(inherited)",
				);
				GCC_WARN_64_TO_32_BIT_CONVERSION = YES;
				GCC_WARN_ABOUT_RETURN_TYPE = YES_ERROR;
				GCC_WARN_UNDECLARED_SELECTOR = YES;
				GCC_WARN_UNINITIALIZED_AUTOS = YES_AGGRESSIVE;
				GCC_WARN_UNUSED_FUNCTION = YES;
				GCC_WARN_UNUSED_VARIABLE = YES;
				IPHONEOS_DEPLOYMENT_TARGET = 15.0;
				MTL_ENABLE_DEBUG_INFO = INCLUDE_SOURCE;
				MTL_FAST_MATH = YES;
				ONLY_ACTIVE_ARCH = YES;
				SDKROOT = iphoneos;
				SWIFT_ACTIVE_COMPILATION_CONDITIONS = DEBUG;
				SWIFT_OPTIMIZATION_LEVEL = "-Onone";
			};
			name = Debug;
		};
		124E0044288D401A00B504AE /* Release */ = {
			isa = XCBuildConfiguration;
			buildSettings = {
				ALWAYS_SEARCH_USER_PATHS = NO;
				CLANG_ANALYZER_NONNULL = YES;
				CLANG_ANALYZER_NUMBER_OBJECT_CONVERSION = YES_AGGRESSIVE;
				CLANG_CXX_LANGUAGE_STANDARD = "gnu++17";
				CLANG_CXX_LIBRARY = "libc++";
				CLANG_ENABLE_MODULES = YES;
				CLANG_ENABLE_OBJC_ARC = YES;
				CLANG_ENABLE_OBJC_WEAK = YES;
				CLANG_WARN_BLOCK_CAPTURE_AUTORELEASING = YES;
				CLANG_WARN_BOOL_CONVERSION = YES;
				CLANG_WARN_COMMA = YES;
				CLANG_WARN_CONSTANT_CONVERSION = YES;
				CLANG_WARN_DEPRECATED_OBJC_IMPLEMENTATIONS = YES;
				CLANG_WARN_DIRECT_OBJC_ISA_USAGE = YES_ERROR;
				CLANG_WARN_DOCUMENTATION_COMMENTS = YES;
				CLANG_WARN_EMPTY_BODY = YES;
				CLANG_WARN_ENUM_CONVERSION = YES;
				CLANG_WARN_INFINITE_RECURSION = YES;
				CLANG_WARN_INT_CONVERSION = YES;
				CLANG_WARN_NON_LITERAL_NULL_CONVERSION = YES;
				CLANG_WARN_OBJC_IMPLICIT_RETAIN_SELF = YES;
				CLANG_WARN_OBJC_LITERAL_CONVERSION = YES;
				CLANG_WARN_OBJC_ROOT_CLASS = YES_ERROR;
				CLANG_WARN_QUOTED_INCLUDE_IN_FRAMEWORK_HEADER = YES;
				CLANG_WARN_RANGE_LOOP_ANALYSIS = YES;
				CLANG_WARN_STRICT_PROTOTYPES = YES;
				CLANG_WARN_SUSPICIOUS_MOVE = YES;
				CLANG_WARN_UNGUARDED_AVAILABILITY = YES_AGGRESSIVE;
				CLANG_WARN_UNREACHABLE_CODE = YES;
				CLANG_WARN__DUPLICATE_METHOD_MATCH = YES;
				COPY_PHASE_STRIP = NO;
				DEBUG_INFORMATION_FORMAT = "dwarf-with-dsym";
				ENABLE_NS_ASSERTIONS = NO;
				ENABLE_STRICT_OBJC_MSGSEND = YES;
				GCC_C_LANGUAGE_STANDARD = gnu11;
				GCC_NO_COMMON_BLOCKS = YES;
				GCC_WARN_64_TO_32_BIT_CONVERSION = YES;
				GCC_WARN_ABOUT_RETURN_TYPE = YES_ERROR;
				GCC_WARN_UNDECLARED_SELECTOR = YES;
				GCC_WARN_UNINITIALIZED_AUTOS = YES_AGGRESSIVE;
				GCC_WARN_UNUSED_FUNCTION = YES;
				GCC_WARN_UNUSED_VARIABLE = YES;
				IPHONEOS_DEPLOYMENT_TARGET = 15.0;
				MTL_ENABLE_DEBUG_INFO = NO;
				MTL_FAST_MATH = YES;
				SDKROOT = iphoneos;
				SWIFT_COMPILATION_MODE = wholemodule;
				SWIFT_OPTIMIZATION_LEVEL = "-O";
				VALIDATE_PRODUCT = YES;
			};
			name = Release;
		};
		124E0046288D401A00B504AE /* Debug */ = {
			isa = XCBuildConfiguration;
			buildSettings = {
				ASSETCATALOG_COMPILER_APPICON_NAME = AppIcon;
				ASSETCATALOG_COMPILER_GLOBAL_ACCENT_COLOR_NAME = AccentColor;
				CODE_SIGN_STYLE = Automatic;
				CURRENT_PROJECT_VERSION = 1;
				DEVELOPMENT_ASSET_PATHS = "\"Caravan.uz/Preview Content\"";
				DEVELOPMENT_TEAM = K5F64939J7;
				ENABLE_PREVIEWS = YES;
				GENERATE_INFOPLIST_FILE = YES;
				INFOPLIST_FILE = "Caravan-uz-Info.plist";
				INFOPLIST_KEY_UIApplicationSceneManifest_Generation = YES;
				INFOPLIST_KEY_UIApplicationSupportsIndirectInputEvents = YES;
				INFOPLIST_KEY_UISupportedInterfaceOrientations = UIInterfaceOrientationPortrait;
				INFOPLIST_KEY_UISupportedInterfaceOrientations_iPad = "UIInterfaceOrientationPortraitUpsideDown UIInterfaceOrientationPortrait UIInterfaceOrientationLandscapeLeft UIInterfaceOrientationLandscapeRight";
				INFOPLIST_KEY_UISupportedInterfaceOrientations_iPhone = UIInterfaceOrientationPortrait;
				LD_RUNPATH_SEARCH_PATHS = (
					"$(inherited)",
					"@executable_path/Frameworks",
				);
				MARKETING_VERSION = 1.0;
				PRODUCT_BUNDLE_IDENTIFIER = "otajon.ruzimov.Caravan-uz";
				PRODUCT_NAME = "$(TARGET_NAME)";
				SWIFT_EMIT_LOC_STRINGS = YES;
				SWIFT_VERSION = 5.0;
				TARGETED_DEVICE_FAMILY = "1,2";
			};
			name = Debug;
		};
		124E0047288D401A00B504AE /* Release */ = {
			isa = XCBuildConfiguration;
			buildSettings = {
				ASSETCATALOG_COMPILER_APPICON_NAME = AppIcon;
				ASSETCATALOG_COMPILER_GLOBAL_ACCENT_COLOR_NAME = AccentColor;
				CODE_SIGN_STYLE = Automatic;
				CURRENT_PROJECT_VERSION = 1;
				DEVELOPMENT_ASSET_PATHS = "\"Caravan.uz/Preview Content\"";
				DEVELOPMENT_TEAM = K5F64939J7;
				ENABLE_PREVIEWS = YES;
				GENERATE_INFOPLIST_FILE = YES;
				INFOPLIST_FILE = "Caravan-uz-Info.plist";
				INFOPLIST_KEY_UIApplicationSceneManifest_Generation = YES;
				INFOPLIST_KEY_UIApplicationSupportsIndirectInputEvents = YES;
				INFOPLIST_KEY_UISupportedInterfaceOrientations = UIInterfaceOrientationPortrait;
				INFOPLIST_KEY_UISupportedInterfaceOrientations_iPad = "UIInterfaceOrientationPortraitUpsideDown UIInterfaceOrientationPortrait UIInterfaceOrientationLandscapeLeft UIInterfaceOrientationLandscapeRight";
				INFOPLIST_KEY_UISupportedInterfaceOrientations_iPhone = UIInterfaceOrientationPortrait;
				LD_RUNPATH_SEARCH_PATHS = (
					"$(inherited)",
					"@executable_path/Frameworks",
				);
				MARKETING_VERSION = 1.0;
				PRODUCT_BUNDLE_IDENTIFIER = "otajon.ruzimov.Caravan-uz";
				PRODUCT_NAME = "$(TARGET_NAME)";
				SWIFT_EMIT_LOC_STRINGS = YES;
				SWIFT_VERSION = 5.0;
				TARGETED_DEVICE_FAMILY = "1,2";
			};
			name = Release;
		};
/* End XCBuildConfiguration section */

/* Begin XCConfigurationList section */
		124E0032288D401700B504AE /* Build configuration list for PBXProject "Caravan.uz" */ = {
			isa = XCConfigurationList;
			buildConfigurations = (
				124E0043288D401A00B504AE /* Debug */,
				124E0044288D401A00B504AE /* Release */,
			);
			defaultConfigurationIsVisible = 0;
			defaultConfigurationName = Release;
		};
		124E0045288D401A00B504AE /* Build configuration list for PBXNativeTarget "Caravan.uz" */ = {
			isa = XCConfigurationList;
			buildConfigurations = (
				124E0046288D401A00B504AE /* Debug */,
				124E0047288D401A00B504AE /* Release */,
			);
			defaultConfigurationIsVisible = 0;
			defaultConfigurationName = Release;
		};
/* End XCConfigurationList section */

/* Begin XCRemoteSwiftPackageReference section */
		124E0048288D40D000B504AE /* XCRemoteSwiftPackageReference "Alamofire" */ = {
			isa = XCRemoteSwiftPackageReference;
			repositoryURL = "https://github.com/Alamofire/Alamofire";
			requirement = {
				branch = master;
				kind = branch;
			};
		};
/* End XCRemoteSwiftPackageReference section */

/* Begin XCSwiftPackageProductDependency section */
		124E0049288D40D000B504AE /* Alamofire */ = {
			isa = XCSwiftPackageProductDependency;
			package = 124E0048288D40D000B504AE /* XCRemoteSwiftPackageReference "Alamofire" */;
			productName = Alamofire;
		};
/* End XCSwiftPackageProductDependency section */
	};
	rootObject = 124E002F288D401700B504AE /* Project object */;
}
